// !$*UTF8*$!
{
	archiveVersion = 1;
	classes = {
	};
	objectVersion = 50;
	objects = {

/* Begin PBXBuildFile section */
		860F52C025F4C571000D9C10 /* hsoApp.swift in Sources */ = {isa = PBXBuildFile; fileRef = 860F52BF25F4C571000D9C10 /* hsoApp.swift */; };
		860F52C225F4C571000D9C10 /* ContentView.swift in Sources */ = {isa = PBXBuildFile; fileRef = 860F52C125F4C571000D9C10 /* ContentView.swift */; };
		860F52C425F4C572000D9C10 /* Assets.xcassets in Resources */ = {isa = PBXBuildFile; fileRef = 860F52C325F4C572000D9C10 /* Assets.xcassets */; };
		860F52C725F4C572000D9C10 /* Preview Assets.xcassets in Resources */ = {isa = PBXBuildFile; fileRef = 860F52C625F4C572000D9C10 /* Preview Assets.xcassets */; };
		867B946925F5370B00090350 /* colorblind.metal in Sources */ = {isa = PBXBuildFile; fileRef = 867B946825F5370B00090350 /* colorblind.metal */; };
		867B946C25F538C500090350 /* filter.swift in Sources */ = {isa = PBXBuildFile; fileRef = 867B946B25F538C500090350 /* filter.swift */; };
		867B947C25F556B400090350 /* PreviewMetalView.swift in Sources */ = {isa = PBXBuildFile; fileRef = 867B947B25F556B400090350 /* PreviewMetalView.swift */; };
		867B947F25F5593F00090350 /* GLSLFilter.swift in Sources */ = {isa = PBXBuildFile; fileRef = 867B947E25F5593F00090350 /* GLSLFilter.swift */; };
		86BA560E25F576F2000411C9 /* ScreenViewController.swift in Sources */ = {isa = PBXBuildFile; fileRef = 86BA560D25F576F2000411C9 /* ScreenViewController.swift */; };
/* End PBXBuildFile section */

/* Begin PBXFileReference section */
		860F52BC25F4C571000D9C10 /* hso.app */ = {isa = PBXFileReference; explicitFileType = wrapper.application; includeInIndex = 0; path = hso.app; sourceTree = BUILT_PRODUCTS_DIR; };
		860F52BF25F4C571000D9C10 /* hsoApp.swift */ = {isa = PBXFileReference; lastKnownFileType = sourcecode.swift; path = hsoApp.swift; sourceTree = "<group>"; };
		860F52C125F4C571000D9C10 /* ContentView.swift */ = {isa = PBXFileReference; lastKnownFileType = sourcecode.swift; path = ContentView.swift; sourceTree = "<group>"; };
		860F52C325F4C572000D9C10 /* Assets.xcassets */ = {isa = PBXFileReference; lastKnownFileType = folder.assetcatalog; path = Assets.xcassets; sourceTree = "<group>"; };
		860F52C625F4C572000D9C10 /* Preview Assets.xcassets */ = {isa = PBXFileReference; lastKnownFileType = folder.assetcatalog; path = "Preview Assets.xcassets"; sourceTree = "<group>"; };
		860F52C825F4C572000D9C10 /* Info.plist */ = {isa = PBXFileReference; lastKnownFileType = text.plist.xml; path = Info.plist; sourceTree = "<group>"; };
		860F52C925F4C572000D9C10 /* hso.entitlements */ = {isa = PBXFileReference; lastKnownFileType = text.plist.entitlements; path = hso.entitlements; sourceTree = "<group>"; };
		860F52D025F4C6E2000D9C10 /* README.md */ = {isa = PBXFileReference; lastKnownFileType = net.daringfireball.markdown; path = README.md; sourceTree = "<group>"; };
		867B946825F5370B00090350 /* colorblind.metal */ = {isa = PBXFileReference; lastKnownFileType = sourcecode.metal; path = colorblind.metal; sourceTree = "<group>"; };
		867B946B25F538C500090350 /* filter.swift */ = {isa = PBXFileReference; lastKnownFileType = sourcecode.swift; path = filter.swift; sourceTree = "<group>"; };
		867B947B25F556B400090350 /* PreviewMetalView.swift */ = {isa = PBXFileReference; fileEncoding = 4; lastKnownFileType = sourcecode.swift; path = PreviewMetalView.swift; sourceTree = "<group>"; };
		867B947E25F5593F00090350 /* GLSLFilter.swift */ = {isa = PBXFileReference; lastKnownFileType = sourcecode.swift; path = GLSLFilter.swift; sourceTree = "<group>"; };
		86BA560D25F576F2000411C9 /* ScreenViewController.swift */ = {isa = PBXFileReference; lastKnownFileType = sourcecode.swift; path = ScreenViewController.swift; sourceTree = "<group>"; };
/* End PBXFileReference section */

/* Begin PBXFrameworksBuildPhase section */
		860F52B925F4C571000D9C10 /* Frameworks */ = {
			isa = PBXFrameworksBuildPhase;
			buildActionMask = 2147483647;
			files = (
			);
			runOnlyForDeploymentPostprocessing = 0;
		};
/* End PBXFrameworksBuildPhase section */

/* Begin PBXGroup section */
		860F52B325F4C571000D9C10 = {
			isa = PBXGroup;
			children = (
				860F52D025F4C6E2000D9C10 /* README.md */,
				860F52BE25F4C571000D9C10 /* hso */,
				860F52BD25F4C571000D9C10 /* Products */,
			);
			sourceTree = "<group>";
		};
		860F52BD25F4C571000D9C10 /* Products */ = {
			isa = PBXGroup;
			children = (
				860F52BC25F4C571000D9C10 /* hso.app */,
			);
			name = Products;
			sourceTree = "<group>";
		};
		860F52BE25F4C571000D9C10 /* hso */ = {
			isa = PBXGroup;
			children = (
				867B947B25F556B400090350 /* PreviewMetalView.swift */,
				867B947E25F5593F00090350 /* GLSLFilter.swift */,
				860F52BF25F4C571000D9C10 /* hsoApp.swift */,
				860F52C125F4C571000D9C10 /* ContentView.swift */,
				867B946825F5370B00090350 /* colorblind.metal */,
				860F52C325F4C572000D9C10 /* Assets.xcassets */,
				860F52C825F4C572000D9C10 /* Info.plist */,
				860F52C925F4C572000D9C10 /* hso.entitlements */,
				860F52C525F4C572000D9C10 /* Preview Content */,
				867B946B25F538C500090350 /* filter.swift */,
				86BA560D25F576F2000411C9 /* ScreenViewController.swift */,
			);
			path = hso;
			sourceTree = "<group>";
		};
		860F52C525F4C572000D9C10 /* Preview Content */ = {
			isa = PBXGroup;
			children = (
				860F52C625F4C572000D9C10 /* Preview Assets.xcassets */,
			);
			path = "Preview Content";
			sourceTree = "<group>";
		};
/* End PBXGroup section */

/* Begin PBXNativeTarget section */
		860F52BB25F4C571000D9C10 /* hso */ = {
			isa = PBXNativeTarget;
			buildConfigurationList = 860F52CC25F4C572000D9C10 /* Build configuration list for PBXNativeTarget "hso" */;
			buildPhases = (
				860F52B825F4C571000D9C10 /* Sources */,
				860F52B925F4C571000D9C10 /* Frameworks */,
				860F52BA25F4C571000D9C10 /* Resources */,
			);
			buildRules = (
			);
			dependencies = (
			);
			name = hso;
			productName = hso;
			productReference = 860F52BC25F4C571000D9C10 /* hso.app */;
			productType = "com.apple.product-type.application";
		};
/* End PBXNativeTarget section */

/* Begin PBXProject section */
		860F52B425F4C571000D9C10 /* Project object */ = {
			isa = PBXProject;
			attributes = {
				LastSwiftUpdateCheck = 1240;
				LastUpgradeCheck = 1240;
				TargetAttributes = {
					860F52BB25F4C571000D9C10 = {
						CreatedOnToolsVersion = 12.4;
					};
				};
			};
			buildConfigurationList = 860F52B725F4C571000D9C10 /* Build configuration list for PBXProject "hso" */;
			compatibilityVersion = "Xcode 9.3";
			developmentRegion = en;
			hasScannedForEncodings = 0;
			knownRegions = (
				en,
				Base,
			);
			mainGroup = 860F52B325F4C571000D9C10;
			productRefGroup = 860F52BD25F4C571000D9C10 /* Products */;
			projectDirPath = "";
			projectRoot = "";
			targets = (
				860F52BB25F4C571000D9C10 /* hso */,
			);
		};
/* End PBXProject section */

/* Begin PBXResourcesBuildPhase section */
		860F52BA25F4C571000D9C10 /* Resources */ = {
			isa = PBXResourcesBuildPhase;
			buildActionMask = 2147483647;
			files = (
				860F52C725F4C572000D9C10 /* Preview Assets.xcassets in Resources */,
				860F52C425F4C572000D9C10 /* Assets.xcassets in Resources */,
			);
			runOnlyForDeploymentPostprocessing = 0;
		};
/* End PBXResourcesBuildPhase section */

/* Begin PBXSourcesBuildPhase section */
		860F52B825F4C571000D9C10 /* Sources */ = {
			isa = PBXSourcesBuildPhase;
			buildActionMask = 2147483647;
			files = (
				86BA560E25F576F2000411C9 /* ScreenViewController.swift in Sources */,
				860F52C225F4C571000D9C10 /* ContentView.swift in Sources */,
				867B946925F5370B00090350 /* colorblind.metal in Sources */,
				867B946C25F538C500090350 /* filter.swift in Sources */,
				867B947F25F5593F00090350 /* GLSLFilter.swift in Sources */,
				867B947C25F556B400090350 /* PreviewMetalView.swift in Sources */,
				860F52C025F4C571000D9C10 /* hsoApp.swift in Sources */,
			);
			runOnlyForDeploymentPostprocessing = 0;
		};
/* End PBXSourcesBuildPhase section */

/* Begin XCBuildConfiguration section */
		860F52CA25F4C572000D9C10 /* Debug */ = {
			isa = XCBuildConfiguration;
			buildSettings = {
				ALWAYS_SEARCH_USER_PATHS = NO;
				CLANG_ANALYZER_NONNULL = YES;
				CLANG_ANALYZER_NUMBER_OBJECT_CONVERSION = YES_AGGRESSIVE;
				CLANG_CXX_LANGUAGE_STANDARD = "gnu++14";
				CLANG_CXX_LIBRARY = "libc++";
				CLANG_ENABLE_MODULES = YES;
				CLANG_ENABLE_OBJC_ARC = YES;
				CLANG_ENABLE_OBJC_WEAK = YES;
				CLANG_WARN_BLOCK_CAPTURE_AUTORELEASING = YES;
				CLANG_WARN_BOOL_CONVERSION = YES;
				CLANG_WARN_COMMA = YES;
				CLANG_WARN_CONSTANT_CONVERSION = YES;
				CLANG_WARN_DEPRECATED_OBJC_IMPLEMENTATIONS = YES;
				CLANG_WARN_DIRECT_OBJC_ISA_USAGE = YES_ERROR;
				CLANG_WARN_DOCUMENTATION_COMMENTS = YES;
				CLANG_WARN_EMPTY_BODY = YES;
				CLANG_WARN_ENUM_CONVERSION = YES;
				CLANG_WARN_INFINITE_RECURSION = YES;
				CLANG_WARN_INT_CONVERSION = YES;
				CLANG_WARN_NON_LITERAL_NULL_CONVERSION = YES;
				CLANG_WARN_OBJC_IMPLICIT_RETAIN_SELF = YES;
				CLANG_WARN_OBJC_LITERAL_CONVERSION = YES;
				CLANG_WARN_OBJC_ROOT_CLASS = YES_ERROR;
				CLANG_WARN_QUOTED_INCLUDE_IN_FRAMEWORK_HEADER = YES;
				CLANG_WARN_RANGE_LOOP_ANALYSIS = YES;
				CLANG_WARN_STRICT_PROTOTYPES = YES;
				CLANG_WARN_SUSPICIOUS_MOVE = YES;
				CLANG_WARN_UNGUARDED_AVAILABILITY = YES_AGGRESSIVE;
				CLANG_WARN_UNREACHABLE_CODE = YES;
				CLANG_WARN__DUPLICATE_METHOD_MATCH = YES;
				COPY_PHASE_STRIP = NO;
				DEBUG_INFORMATION_FORMAT = dwarf;
				ENABLE_STRICT_OBJC_MSGSEND = YES;
				ENABLE_TESTABILITY = YES;
				GCC_C_LANGUAGE_STANDARD = gnu11;
				GCC_DYNAMIC_NO_PIC = NO;
				GCC_NO_COMMON_BLOCKS = YES;
				GCC_OPTIMIZATION_LEVEL = 0;
				GCC_PREPROCESSOR_DEFINITIONS = (
					"DEBUG=1",
					"$(inherited)",
				);
				GCC_WARN_64_TO_32_BIT_CONVERSION = YES;
				GCC_WARN_ABOUT_RETURN_TYPE = YES_ERROR;
				GCC_WARN_UNDECLARED_SELECTOR = YES;
				GCC_WARN_UNINITIALIZED_AUTOS = YES_AGGRESSIVE;
				GCC_WARN_UNUSED_FUNCTION = YES;
				GCC_WARN_UNUSED_VARIABLE = YES;
				MACOSX_DEPLOYMENT_TARGET = 11.1;
				MTL_ENABLE_DEBUG_INFO = INCLUDE_SOURCE;
				MTL_FAST_MATH = YES;
				ONLY_ACTIVE_ARCH = YES;
				SDKROOT = macosx;
				SWIFT_ACTIVE_COMPILATION_CONDITIONS = DEBUG;
				SWIFT_OPTIMIZATION_LEVEL = "-Onone";
			};
			name = Debug;
		};
		860F52CB25F4C572000D9C10 /* Release */ = {
			isa = XCBuildConfiguration;
			buildSettings = {
				ALWAYS_SEARCH_USER_PATHS = NO;
				CLANG_ANALYZER_NONNULL = YES;
				CLANG_ANALYZER_NUMBER_OBJECT_CONVERSION = YES_AGGRESSIVE;
				CLANG_CXX_LANGUAGE_STANDARD = "gnu++14";
				CLANG_CXX_LIBRARY = "libc++";
				CLANG_ENABLE_MODULES = YES;
				CLANG_ENABLE_OBJC_ARC = YES;
				CLANG_ENABLE_OBJC_WEAK = YES;
				CLANG_WARN_BLOCK_CAPTURE_AUTORELEASING = YES;
				CLANG_WARN_BOOL_CONVERSION = YES;
				CLANG_WARN_COMMA = YES;
				CLANG_WARN_CONSTANT_CONVERSION = YES;
				CLANG_WARN_DEPRECATED_OBJC_IMPLEMENTATIONS = YES;
				CLANG_WARN_DIRECT_OBJC_ISA_USAGE = YES_ERROR;
				CLANG_WARN_DOCUMENTATION_COMMENTS = YES;
				CLANG_WARN_EMPTY_BODY = YES;
				CLANG_WARN_ENUM_CONVERSION = YES;
				CLANG_WARN_INFINITE_RECURSION = YES;
				CLANG_WARN_INT_CONVERSION = YES;
				CLANG_WARN_NON_LITERAL_NULL_CONVERSION = YES;
				CLANG_WARN_OBJC_IMPLICIT_RETAIN_SELF = YES;
				CLANG_WARN_OBJC_LITERAL_CONVERSION = YES;
				CLANG_WARN_OBJC_ROOT_CLASS = YES_ERROR;
				CLANG_WARN_QUOTED_INCLUDE_IN_FRAMEWORK_HEADER = YES;
				CLANG_WARN_RANGE_LOOP_ANALYSIS = YES;
				CLANG_WARN_STRICT_PROTOTYPES = YES;
				CLANG_WARN_SUSPICIOUS_MOVE = YES;
				CLANG_WARN_UNGUARDED_AVAILABILITY = YES_AGGRESSIVE;
				CLANG_WARN_UNREACHABLE_CODE = YES;
				CLANG_WARN__DUPLICATE_METHOD_MATCH = YES;
				COPY_PHASE_STRIP = NO;
				DEBUG_INFORMATION_FORMAT = "dwarf-with-dsym";
				ENABLE_NS_ASSERTIONS = NO;
				ENABLE_STRICT_OBJC_MSGSEND = YES;
				GCC_C_LANGUAGE_STANDARD = gnu11;
				GCC_NO_COMMON_BLOCKS = YES;
				GCC_WARN_64_TO_32_BIT_CONVERSION = YES;
				GCC_WARN_ABOUT_RETURN_TYPE = YES_ERROR;
				GCC_WARN_UNDECLARED_SELECTOR = YES;
				GCC_WARN_UNINITIALIZED_AUTOS = YES_AGGRESSIVE;
				GCC_WARN_UNUSED_FUNCTION = YES;
				GCC_WARN_UNUSED_VARIABLE = YES;
				MACOSX_DEPLOYMENT_TARGET = 11.1;
				MTL_ENABLE_DEBUG_INFO = NO;
				MTL_FAST_MATH = YES;
				SDKROOT = macosx;
				SWIFT_COMPILATION_MODE = wholemodule;
				SWIFT_OPTIMIZATION_LEVEL = "-O";
			};
			name = Release;
		};
		860F52CD25F4C572000D9C10 /* Debug */ = {
			isa = XCBuildConfiguration;
			buildSettings = {
				ASSETCATALOG_COMPILER_APPICON_NAME = AppIcon;
				ASSETCATALOG_COMPILER_GLOBAL_ACCENT_COLOR_NAME = AccentColor;
				CODE_SIGN_ENTITLEMENTS = hso/hso.entitlements;
				CODE_SIGN_STYLE = Automatic;
				COMBINE_HIDPI_IMAGES = YES;
				DEVELOPMENT_ASSET_PATHS = "\"hso/Preview Content\"";
				ENABLE_PREVIEWS = YES;
				INFOPLIST_FILE = hso/Info.plist;
				LD_RUNPATH_SEARCH_PATHS = (
					"$(inherited)",
					"@executable_path/../Frameworks",
				);
				MACOSX_DEPLOYMENT_TARGET = 11.0;
				MTLLINKER_FLAGS = "-fcikernel";
				MTL_COMPILER_FLAGS = "-fcikernel";
				MTL_ENABLE_MODULES = NO;
				PRODUCT_BUNDLE_IDENTIFIER = koppa.hso;
				PRODUCT_NAME = "$(TARGET_NAME)";
				SWIFT_VERSION = 5.0;
			};
			name = Debug;
		};
		860F52CE25F4C572000D9C10 /* Release */ = {
			isa = XCBuildConfiguration;
			buildSettings = {
				ASSETCATALOG_COMPILER_APPICON_NAME = AppIcon;
				ASSETCATALOG_COMPILER_GLOBAL_ACCENT_COLOR_NAME = AccentColor;
				CODE_SIGN_ENTITLEMENTS = hso/hso.entitlements;
				CODE_SIGN_STYLE = Automatic;
				COMBINE_HIDPI_IMAGES = YES;
				DEVELOPMENT_ASSET_PATHS = "\"hso/Preview Content\"";
				ENABLE_PREVIEWS = YES;
				INFOPLIST_FILE = hso/Info.plist;
				LD_RUNPATH_SEARCH_PATHS = (
					"$(inherited)",
					"@executable_path/../Frameworks",
				);
				MACOSX_DEPLOYMENT_TARGET = 11.0;
				MTLLINKER_FLAGS = "-fcikernel";
				MTL_COMPILER_FLAGS = "-fcikernel";
				MTL_ENABLE_MODULES = NO;
				PRODUCT_BUNDLE_IDENTIFIER = koppa.hso;
				PRODUCT_NAME = "$(TARGET_NAME)";
				SWIFT_VERSION = 5.0;
			};
			name = Release;
		};
/* End XCBuildConfiguration section */

/* Begin XCConfigurationList section */
		860F52B725F4C571000D9C10 /* Build configuration list for PBXProject "hso" */ = {
			isa = XCConfigurationList;
			buildConfigurations = (
				860F52CA25F4C572000D9C10 /* Debug */,
				860F52CB25F4C572000D9C10 /* Release */,
			);
			defaultConfigurationIsVisible = 0;
			defaultConfigurationName = Release;
		};
		860F52CC25F4C572000D9C10 /* Build configuration list for PBXNativeTarget "hso" */ = {
			isa = XCConfigurationList;
			buildConfigurations = (
				860F52CD25F4C572000D9C10 /* Debug */,
				860F52CE25F4C572000D9C10 /* Release */,
			);
			defaultConfigurationIsVisible = 0;
			defaultConfigurationName = Release;
		};
/* End XCConfigurationList section */
	};
	rootObject = 860F52B425F4C571000D9C10 /* Project object */;
}
